
Microsoft Visual Studio Solution File, Format Version 12.00
# Visual Studio Version 16
VisualStudioVersion = 16.0.30204.135
MinimumVisualStudioVersion = 15.0.26124.0
Project("{FAE04EC0-301F-11D3-BF4B-00C04F79EFBC}") = "CandidateTesting.PedroIvoFagundesSantos.AgileContent.test", "CandidateTesting.PedroIvoFagundesSantos.AgileContent.test\CandidateTesting.PedroIvoFagundesSantos.AgileContent.test.csproj", "{799A10E4-C8A1-4788-8BD6-50332CB79871}"
EndProject
Project("{2150E333-8FDC-42A3-9474-1A3956D46DE8}") = "02 - Test", "02 - Test", "{EA5C419E-A503-4FB1-A0F9-EBAB281D4045}"
EndProject
Project("{2150E333-8FDC-42A3-9474-1A3956D46DE8}") = "01 - Presentation", "01 - Presentation", "{C60B17DA-9B24-4470-885F-953961652EAE}"
EndProject
Project("{FAE04EC0-301F-11D3-BF4B-00C04F79EFBC}") = "CandidateTesting.PedroIvoFagundesSantos.AgileContent.Console", "CandidateTesting.PedroIvoFagundesSantos.AgileContent.Console\CandidateTesting.PedroIvoFagundesSantos.AgileContent.Console.csproj", "{83CD20BD-FEF4-44B0-B1E9-63774323D62D}"
EndProject
Global
	GlobalSection(SolutionConfigurationPlatforms) = preSolution
		Debug|Any CPU = Debug|Any CPU
		Debug|x64 = Debug|x64
		Debug|x86 = Debug|x86
		Release|Any CPU = Release|Any CPU
		Release|x64 = Release|x64
		Release|x86 = Release|x86
	EndGlobalSection
	GlobalSection(ProjectConfigurationPlatforms) = postSolution
		{799A10E4-C8A1-4788-8BD6-50332CB79871}.Debug|Any CPU.ActiveCfg = Debug|Any CPU
		{799A10E4-C8A1-4788-8BD6-50332CB79871}.Debug|Any CPU.Build.0 = Debug|Any CPU
		{799A10E4-C8A1-4788-8BD6-50332CB79871}.Debug|x64.ActiveCfg = Debug|Any CPU
		{799A10E4-C8A1-4788-8BD6-50332CB79871}.Debug|x64.Build.0 = Debug|Any CPU
		{799A10E4-C8A1-4788-8BD6-50332CB79871}.Debug|x86.ActiveCfg = Debug|Any CPU
		{799A10E4-C8A1-4788-8BD6-50332CB79871}.Debug|x86.Build.0 = Debug|Any CPU
		{799A10E4-C8A1-4788-8BD6-50332CB79871}.Release|Any CPU.ActiveCfg = Release|Any CPU
		{799A10E4-C8A1-4788-8BD6-50332CB79871}.Release|Any CPU.Build.0 = Release|Any CPU
		{799A10E4-C8A1-4788-8BD6-50332CB79871}.Release|x64.ActiveCfg = Release|Any CPU
		{799A10E4-C8A1-4788-8BD6-50332CB79871}.Release|x64.Build.0 = Release|Any CPU
		{799A10E4-C8A1-4788-8BD6-50332CB79871}.Release|x86.ActiveCfg = Release|Any CPU
		{799A10E4-C8A1-4788-8BD6-50332CB79871}.Release|x86.Build.0 = Release|Any CPU
		{83CD20BD-FEF4-44B0-B1E9-63774323D62D}.Debug|Any CPU.ActiveCfg = Debug|Any CPU
		{83CD20BD-FEF4-44B0-B1E9-63774323D62D}.Debug|Any CPU.Build.0 = Debug|Any CPU
		{83CD20BD-FEF4-44B0-B1E9-63774323D62D}.Debug|x64.ActiveCfg = Debug|Any CPU
		{83CD20BD-FEF4-44B0-B1E9-63774323D62D}.Debug|x64.Build.0 = Debug|Any CPU
		{83CD20BD-FEF4-44B0-B1E9-63774323D62D}.Debug|x86.ActiveCfg = Debug|Any CPU
		{83CD20BD-FEF4-44B0-B1E9-63774323D62D}.Debug|x86.Build.0 = Debug|Any CPU
		{83CD20BD-FEF4-44B0-B1E9-63774323D62D}.Release|Any CPU.ActiveCfg = Release|Any CPU
		{83CD20BD-FEF4-44B0-B1E9-63774323D62D}.Release|Any CPU.Build.0 = Release|Any CPU
		{83CD20BD-FEF4-44B0-B1E9-63774323D62D}.Release|x64.ActiveCfg = Release|Any CPU
		{83CD20BD-FEF4-44B0-B1E9-63774323D62D}.Release|x64.Build.0 = Release|Any CPU
		{83CD20BD-FEF4-44B0-B1E9-63774323D62D}.Release|x86.ActiveCfg = Release|Any CPU
		{83CD20BD-FEF4-44B0-B1E9-63774323D62D}.Release|x86.Build.0 = Release|Any CPU
	EndGlobalSection
	GlobalSection(SolutionProperties) = preSolution
		HideSolutionNode = FALSE
	EndGlobalSection
	GlobalSection(NestedProjects) = preSolution
		{799A10E4-C8A1-4788-8BD6-50332CB79871} = {EA5C419E-A503-4FB1-A0F9-EBAB281D4045}
		{83CD20BD-FEF4-44B0-B1E9-63774323D62D} = {C60B17DA-9B24-4470-885F-953961652EAE}
	EndGlobalSection
	GlobalSection(ExtensibilityGlobals) = postSolution
		SolutionGuid = {1069956C-729B-4220-9DEF-C3409EFCD83B}
	EndGlobalSection
EndGlobal
